{
  "name": "fixture-package-lock-project",
  "version": "0.0.0",
  "lockfileVersion": 3,
  "requires": true,
  "packages": {
    "": {
      "name": "fixture-package-lock-project",
      "version": "0.0.0",
      "dependencies": {
        "permissive-parent": "file:../bun-project/.registry/permissive-parent",
        "dual-license": "file:../bun-project/.registry/dual-license",
        "gpl-package": "file:../bun-project/.registry/gpl-package",
        "missing-license": "file:../bun-project/.registry/missing-license"
      },
      "devDependencies": {
        "dev-risk": "file:../bun-project/.registry/dev-risk"
      }
    },
    "node_modules/agpl-child": {
      "version": "0.1.0",
      "resolved": "file:../bun-project/.registry/agpl-child",
      "license": "AGPL-3.0-only"
    },
    "node_modules/dev-risk": {
      "version": "3.0.0",
      "resolved": "file:../bun-project/.registry/dev-risk",
      "dev": true,
      "license": "AGPL-3.0-only"
    },
    "node_modules/dual-license": {
      "version": "2.0.0",
      "resolved": "file:../bun-project/.registry/dual-license",
      "license": "MIT OR Apache-2.0"
    },
    "node_modules/gpl-package": {
      "version": "5.0.0",
      "resolved": "file:../bun-project/.registry/gpl-package",
      "license": "GPL-3.0-only"
    },
    "node_modules/missing-license": {
      "version": "4.0.0",
      "resolved": "file:../bun-project/.registry/missing-license"
    },
    "node_modules/permissive-parent": {
      "version": "1.0.0",
      "resolved": "file:../bun-project/.registry/permissive-parent",
      "license": "MIT",
      "dependencies": {
        "agpl-child": "0.1.0"
      }
    }
  }
}
