# THIS IS AN AUTOGENERATED FILE. DO NOT EDIT THIS FILE DIRECTLY.
# bun lockfile v1

{
  "lockfileVersion": 1,
  "workspaces": {
    "": {
      "name": "permissive-project",
      "dependencies": {
        "alias-package": "2.0.0",
        "permissive-package": "1.0.0",
      },
    },
  },
  "packages": {
    "alias-package": [
      "alias-package@2.0.0",
      "file:./.registry/alias-package",
      {},
      "sha512-alias",
    ],
    "permissive-package": [
      "permissive-package@1.0.0",
      "file:./.registry/permissive-package",
      {},
      "sha512-permissive",
    ],
  },
}
