# THIS IS AN AUTOGENERATED FILE. DO NOT EDIT THIS FILE DIRECTLY.
# bun lockfile v1

{
  "lockfileVersion": 1,
  "workspaces": {
    "": {
      "name": "fixture-optional-project",
      "optionalDependencies": {
        "optional-risk": "1.0.0",
      },
      "devDependencies": {
        "dev-risk": "3.0.0",
      },
    },
  },
  "packages": {
    "optional-risk": [
      "optional-risk@1.0.0",
      "file:./.registry/optional-risk",
      {},
      "sha512-optional-risk",
    ],
    "dev-risk": [
      "dev-risk@3.0.0",
      "file:../bun-project/.registry/dev-risk",
      {},
      "sha512-dev",
    ],
  },
}
