# THIS IS AN AUTOGENERATED FILE. DO NOT EDIT THIS FILE DIRECTLY.
# bun lockfile v1

{
  "lockfileVersion": 1,
  "workspaces": {
    "": {
      "name": "fixture-bun-project",
      "dependencies": {
        "permissive-parent": "1.0.0",
        "dual-license": "2.0.0",
      },
    },
  },
  "packages": {
    "permissive-parent": [
      "permissive-parent@1.0.0",
      "file:./.registry/permissive-parent",
      {
        "dependencies": {
          "agpl-child": "0.1.0",
        },
      },
      "sha512-parent",
    ],
    "agpl-child": [
      "agpl-child@0.1.0",
      "file:./.registry/agpl-child",
      {},
      "sha512-agpl",
    ],
    "dual-license": [
      "dual-license@2.0.0",
      "file:./.registry/dual-license",
      {},
      "sha512-dual",
    ],
  },
}
