# THIS IS AN AUTOGENERATED FILE. DO NOT EDIT THIS FILE DIRECTLY.
# yarn lockfile v1


agpl-child@0.1.0:
  version "0.1.0"
  resolved "file:../bun-project/.registry/agpl-child"

"dev-risk@file:../bun-project/.registry/dev-risk":
  version "3.0.0"
  resolved "file:../bun-project/.registry/dev-risk"

"dual-license@file:../bun-project/.registry/dual-license":
  version "2.0.0"
  resolved "file:../bun-project/.registry/dual-license"

"gpl-package@file:../bun-project/.registry/gpl-package":
  version "5.0.0"
  resolved "file:../bun-project/.registry/gpl-package"

"missing-license@file:../bun-project/.registry/missing-license":
  version "4.0.0"
  resolved "file:../bun-project/.registry/missing-license"

"permissive-parent@file:../bun-project/.registry/permissive-parent":
  version "1.0.0"
  resolved "file:../bun-project/.registry/permissive-parent"
  dependencies:
    agpl-child "0.1.0"
